
Microsoft Visual Studio Solution File, Format Version 12.00
# Visual Studio Version 17
VisualStudioVersion = 17.1.32328.378
MinimumVisualStudioVersion = 10.0.40219.1
Project("{FAE04EC0-301F-11D3-BF4B-00C04F79EFBC}") = "PodGame", "PodGame\PodGame.csproj", "{33ED55C2-1618-4B7B-92DB-6858F8F5FA55}"
EndProject
Global
	GlobalSection(SolutionConfigurationPlatforms) = preSolution
		Debug|Any CPU = Debug|Any CPU
		Release|Any CPU = Release|Any CPU
	EndGlobalSection
	GlobalSection(ProjectConfigurationPlatforms) = postSolution
		{33ED55C2-1618-4B7B-92DB-6858F8F5FA55}.Debug|Any CPU.ActiveCfg = Debug|Any CPU
		{33ED55C2-1618-4B7B-92DB-6858F8F5FA55}.Debug|Any CPU.Build.0 = Debug|Any CPU
		{33ED55C2-1618-4B7B-92DB-6858F8F5FA55}.Release|Any CPU.ActiveCfg = Release|Any CPU
		{33ED55C2-1618-4B7B-92DB-6858F8F5FA55}.Release|Any CPU.Build.0 = Release|Any CPU
	EndGlobalSection
	GlobalSection(SolutionProperties) = preSolution
		HideSolutionNode = FALSE
	EndGlobalSection
	GlobalSection(ExtensibilityGlobals) = postSolution
		SolutionGuid = {2D8FDED4-6011-4B11-9A09-5EACDD3656A6}
	EndGlobalSection
EndGlobal
